
Microsoft Visual Studio Solution File, Format Version 12.00
# Visual Studio Version 17
VisualStudioVersion = 17.0.32014.148
MinimumVisualStudioVersion = 10.0.40219.1
Project("{FAE04EC0-301F-11D3-BF4B-00C04F79EFBC}") = "CourseMarketing", "CourseMarketing\CourseMarketing.csproj", "{20DF3E05-19E1-431D-9ABE-2C5E3EEBF05A}"
EndProject
Global
	GlobalSection(SolutionConfigurationPlatforms) = preSolution
		Debug|Any CPU = Debug|Any CPU
		Release|Any CPU = Release|Any CPU
	EndGlobalSection
	GlobalSection(ProjectConfigurationPlatforms) = postSolution
		{20DF3E05-19E1-431D-9ABE-2C5E3EEBF05A}.Debug|Any CPU.ActiveCfg = Debug|Any CPU
		{20DF3E05-19E1-431D-9ABE-2C5E3EEBF05A}.Debug|Any CPU.Build.0 = Debug|Any CPU
		{20DF3E05-19E1-431D-9ABE-2C5E3EEBF05A}.Release|Any CPU.ActiveCfg = Release|Any CPU
		{20DF3E05-19E1-431D-9ABE-2C5E3EEBF05A}.Release|Any CPU.Build.0 = Release|Any CPU
	EndGlobalSection
	GlobalSection(SolutionProperties) = preSolution
		HideSolutionNode = FALSE
	EndGlobalSection
	GlobalSection(ExtensibilityGlobals) = postSolution
		SolutionGuid = {B49CD450-6953-4CC6-8526-58D265EF94B0}
	EndGlobalSection
EndGlobal
